
Microsoft Visual Studio Solution File, Format Version 12.00
# Visual Studio 14
VisualStudioVersion = 14.0.23107.0
MinimumVisualStudioVersion = 10.0.40219.1
Project("{FAE04EC0-301F-11D3-BF4B-00C04F79EFBC}") = "App1", "App1\App1\App1.csproj", "{8BB57048-345B-494E-AE18-134BB854152E}"
EndProject
Project("{FAE04EC0-301F-11D3-BF4B-00C04F79EFBC}") = "App1.iOS", "App1\App1.iOS\App1.iOS.csproj", "{F647CB1A-E40E-4C17-8310-9E1FABAFF02F}"
EndProject
Project("{FAE04EC0-301F-11D3-BF4B-00C04F79EFBC}") = "App1.Droid", "App1\App1.Droid\App1.Droid.csproj", "{17A506DA-AAD4-4D0C-B381-D360A68FFAB5}"
EndProject
Project("{FAE04EC0-301F-11D3-BF4B-00C04F79EFBC}") = "App1.WinPhone", "App1\App1.WinPhone\App1.WinPhone.csproj", "{FBB78698-5726-4E87-BEB6-CA254E98D8CA}"
EndProject
Global
	GlobalSection(SolutionConfigurationPlatforms) = preSolution
		Ad-Hoc|Any CPU = Ad-Hoc|Any CPU
		Ad-Hoc|ARM = Ad-Hoc|ARM
		Ad-Hoc|iPhone = Ad-Hoc|iPhone
		Ad-Hoc|iPhoneSimulator = Ad-Hoc|iPhoneSimulator
		Ad-Hoc|x86 = Ad-Hoc|x86
		AppStore|Any CPU = AppStore|Any CPU
		AppStore|ARM = AppStore|ARM
		AppStore|iPhone = AppStore|iPhone
		AppStore|iPhoneSimulator = AppStore|iPhoneSimulator
		AppStore|x86 = AppStore|x86
		Debug|Any CPU = Debug|Any CPU
		Debug|ARM = Debug|ARM
		Debug|iPhone = Debug|iPhone
		Debug|iPhoneSimulator = Debug|iPhoneSimulator
		Debug|x86 = Debug|x86
		Release|Any CPU = Release|Any CPU
		Release|ARM = Release|ARM
		Release|iPhone = Release|iPhone
		Release|iPhoneSimulator = Release|iPhoneSimulator
		Release|x86 = Release|x86
	EndGlobalSection
	GlobalSection(ProjectConfigurationPlatforms) = postSolution
		{8BB57048-345B-494E-AE18-134BB854152E}.Ad-Hoc|Any CPU.ActiveCfg = Release|Any CPU
		{8BB57048-345B-494E-AE18-134BB854152E}.Ad-Hoc|Any CPU.Build.0 = Release|Any CPU
		{8BB57048-345B-494E-AE18-134BB854152E}.Ad-Hoc|ARM.ActiveCfg = Release|Any CPU
		{8BB57048-345B-494E-AE18-134BB854152E}.Ad-Hoc|ARM.Build.0 = Release|Any CPU
		{8BB57048-345B-494E-AE18-134BB854152E}.Ad-Hoc|iPhone.ActiveCfg = Release|Any CPU
		{8BB57048-345B-494E-AE18-134BB854152E}.Ad-Hoc|iPhone.Build.0 = Release|Any CPU
		{8BB57048-345B-494E-AE18-134BB854152E}.Ad-Hoc|iPhoneSimulator.ActiveCfg = Release|Any CPU
		{8BB57048-345B-494E-AE18-134BB854152E}.Ad-Hoc|iPhoneSimulator.Build.0 = Release|Any CPU
		{8BB57048-345B-494E-AE18-134BB854152E}.Ad-Hoc|x86.ActiveCfg = Release|Any CPU
		{8BB57048-345B-494E-AE18-134BB854152E}.Ad-Hoc|x86.Build.0 = Release|Any CPU
		{8BB57048-345B-494E-AE18-134BB854152E}.AppStore|Any CPU.ActiveCfg = Release|Any CPU
		{8BB57048-345B-494E-AE18-134BB854152E}.AppStore|Any CPU.Build.0 = Release|Any CPU
		{8BB57048-345B-494E-AE18-134BB854152E}.AppStore|ARM.ActiveCfg = Release|Any CPU
		{8BB57048-345B-494E-AE18-134BB854152E}.AppStore|ARM.Build.0 = Release|Any CPU
		{8BB57048-345B-494E-AE18-134BB854152E}.AppStore|iPhone.ActiveCfg = Release|Any CPU
		{8BB57048-345B-494E-AE18-134BB854152E}.AppStore|iPhone.Build.0 = Release|Any CPU
		{8BB57048-345B-494E-AE18-134BB854152E}.AppStore|iPhoneSimulator.ActiveCfg = Release|Any CPU
		{8BB57048-345B-494E-AE18-134BB854152E}.AppStore|iPhoneSimulator.Build.0 = Release|Any CPU
		{8BB57048-345B-494E-AE18-134BB854152E}.AppStore|x86.ActiveCfg = Release|Any CPU
		{8BB57048-345B-494E-AE18-134BB854152E}.AppStore|x86.Build.0 = Release|Any CPU
		{8BB57048-345B-494E-AE18-134BB854152E}.Debug|Any CPU.ActiveCfg = Debug|Any CPU
		{8BB57048-345B-494E-AE18-134BB854152E}.Debug|Any CPU.Build.0 = Debug|Any CPU
		{8BB57048-345B-494E-AE18-134BB854152E}.Debug|ARM.ActiveCfg = Debug|Any CPU
		{8BB57048-345B-494E-AE18-134BB854152E}.Debug|ARM.Build.0 = Debug|Any CPU
		{8BB57048-345B-494E-AE18-134BB854152E}.Debug|iPhone.ActiveCfg = Debug|Any CPU
		{8BB57048-345B-494E-AE18-134BB854152E}.Debug|iPhone.Build.0 = Debug|Any CPU
		{8BB57048-345B-494E-AE18-134BB854152E}.Debug|iPhoneSimulator.ActiveCfg = Debug|Any CPU
		{8BB57048-345B-494E-AE18-134BB854152E}.Debug|iPhoneSimulator.Build.0 = Debug|Any CPU
		{8BB57048-345B-494E-AE18-134BB854152E}.Debug|x86.ActiveCfg = Debug|Any CPU
		{8BB57048-345B-494E-AE18-134BB854152E}.Debug|x86.Build.0 = Debug|Any CPU
		{8BB57048-345B-494E-AE18-134BB854152E}.Release|Any CPU.ActiveCfg = Release|Any CPU
		{8BB57048-345B-494E-AE18-134BB854152E}.Release|Any CPU.Build.0 = Release|Any CPU
		{8BB57048-345B-494E-AE18-134BB854152E}.Release|ARM.ActiveCfg = Release|Any CPU
		{8BB57048-345B-494E-AE18-134BB854152E}.Release|ARM.Build.0 = Release|Any CPU
		{8BB57048-345B-494E-AE18-134BB854152E}.Release|iPhone.ActiveCfg = Release|Any CPU
		{8BB57048-345B-494E-AE18-134BB854152E}.Release|iPhone.Build.0 = Release|Any CPU
		{8BB57048-345B-494E-AE18-134BB854152E}.Release|iPhoneSimulator.ActiveCfg = Release|Any CPU
		{8BB57048-345B-494E-AE18-134BB854152E}.Release|iPhoneSimulator.Build.0 = Release|Any CPU
		{8BB57048-345B-494E-AE18-134BB854152E}.Release|x86.ActiveCfg = Release|Any CPU
		{8BB57048-345B-494E-AE18-134BB854152E}.Release|x86.Build.0 = Release|Any CPU
		{F647CB1A-E40E-4C17-8310-9E1FABAFF02F}.Ad-Hoc|Any CPU.ActiveCfg = Ad-Hoc|iPhone
		{F647CB1A-E40E-4C17-8310-9E1FABAFF02F}.Ad-Hoc|ARM.ActiveCfg = Ad-Hoc|iPhone
		{F647CB1A-E40E-4C17-8310-9E1FABAFF02F}.Ad-Hoc|iPhone.ActiveCfg = Ad-Hoc|iPhone
		{F647CB1A-E40E-4C17-8310-9E1FABAFF02F}.Ad-Hoc|iPhone.Build.0 = Ad-Hoc|iPhone
		{F647CB1A-E40E-4C17-8310-9E1FABAFF02F}.Ad-Hoc|iPhoneSimulator.ActiveCfg = Ad-Hoc|iPhoneSimulator
		{F647CB1A-E40E-4C17-8310-9E1FABAFF02F}.Ad-Hoc|iPhoneSimulator.Build.0 = Ad-Hoc|iPhoneSimulator
		{F647CB1A-E40E-4C17-8310-9E1FABAFF02F}.Ad-Hoc|x86.ActiveCfg = Ad-Hoc|iPhone
		{F647CB1A-E40E-4C17-8310-9E1FABAFF02F}.AppStore|Any CPU.ActiveCfg = AppStore|iPhone
		{F647CB1A-E40E-4C17-8310-9E1FABAFF02F}.AppStore|ARM.ActiveCfg = AppStore|iPhone
		{F647CB1A-E40E-4C17-8310-9E1FABAFF02F}.AppStore|iPhone.ActiveCfg = AppStore|iPhone
		{F647CB1A-E40E-4C17-8310-9E1FABAFF02F}.AppStore|iPhone.Build.0 = AppStore|iPhone
		{F647CB1A-E40E-4C17-8310-9E1FABAFF02F}.AppStore|iPhoneSimulator.ActiveCfg = AppStore|iPhoneSimulator
		{F647CB1A-E40E-4C17-8310-9E1FABAFF02F}.AppStore|iPhoneSimulator.Build.0 = AppStore|iPhoneSimulator
		{F647CB1A-E40E-4C17-8310-9E1FABAFF02F}.AppStore|x86.ActiveCfg = AppStore|iPhone
		{F647CB1A-E40E-4C17-8310-9E1FABAFF02F}.Debug|Any CPU.ActiveCfg = Debug|iPhone
		{F647CB1A-E40E-4C17-8310-9E1FABAFF02F}.Debug|ARM.ActiveCfg = Debug|iPhone
		{F647CB1A-E40E-4C17-8310-9E1FABAFF02F}.Debug|iPhone.ActiveCfg = Debug|iPhone
		{F647CB1A-E40E-4C17-8310-9E1FABAFF02F}.Debug|iPhone.Build.0 = Debug|iPhone
		{F647CB1A-E40E-4C17-8310-9E1FABAFF02F}.Debug|iPhoneSimulator.ActiveCfg = Debug|iPhoneSimulator
		{F647CB1A-E40E-4C17-8310-9E1FABAFF02F}.Debug|iPhoneSimulator.Build.0 = Debug|iPhoneSimulator
		{F647CB1A-E40E-4C17-8310-9E1FABAFF02F}.Debug|x86.ActiveCfg = Debug|iPhone
		{F647CB1A-E40E-4C17-8310-9E1FABAFF02F}.Release|Any CPU.ActiveCfg = Release|iPhone
		{F647CB1A-E40E-4C17-8310-9E1FABAFF02F}.Release|ARM.ActiveCfg = Release|iPhone
		{F647CB1A-E40E-4C17-8310-9E1FABAFF02F}.Release|iPhone.ActiveCfg = Release|iPhone
		{F647CB1A-E40E-4C17-8310-9E1FABAFF02F}.Release|iPhone.Build.0 = Release|iPhone
		{F647CB1A-E40E-4C17-8310-9E1FABAFF02F}.Release|iPhoneSimulator.ActiveCfg = Release|iPhoneSimulator
		{F647CB1A-E40E-4C17-8310-9E1FABAFF02F}.Release|iPhoneSimulator.Build.0 = Release|iPhoneSimulator
		{F647CB1A-E40E-4C17-8310-9E1FABAFF02F}.Release|x86.ActiveCfg = Release|iPhone
		{17A506DA-AAD4-4D0C-B381-D360A68FFAB5}.Ad-Hoc|Any CPU.ActiveCfg = Release|Any CPU
		{17A506DA-AAD4-4D0C-B381-D360A68FFAB5}.Ad-Hoc|Any CPU.Build.0 = Release|Any CPU
		{17A506DA-AAD4-4D0C-B381-D360A68FFAB5}.Ad-Hoc|Any CPU.Deploy.0 = Release|Any CPU
		{17A506DA-AAD4-4D0C-B381-D360A68FFAB5}.Ad-Hoc|ARM.ActiveCfg = Release|Any CPU
		{17A506DA-AAD4-4D0C-B381-D360A68FFAB5}.Ad-Hoc|ARM.Build.0 = Release|Any CPU
		{17A506DA-AAD4-4D0C-B381-D360A68FFAB5}.Ad-Hoc|ARM.Deploy.0 = Release|Any CPU
		{17A506DA-AAD4-4D0C-B381-D360A68FFAB5}.Ad-Hoc|iPhone.ActiveCfg = Release|Any CPU
		{17A506DA-AAD4-4D0C-B381-D360A68FFAB5}.Ad-Hoc|iPhone.Build.0 = Release|Any CPU
		{17A506DA-AAD4-4D0C-B381-D360A68FFAB5}.Ad-Hoc|iPhone.Deploy.0 = Release|Any CPU
		{17A506DA-AAD4-4D0C-B381-D360A68FFAB5}.Ad-Hoc|iPhoneSimulator.ActiveCfg = Release|Any CPU
		{17A506DA-AAD4-4D0C-B381-D360A68FFAB5}.Ad-Hoc|iPhoneSimulator.Build.0 = Release|Any CPU
		{17A506DA-AAD4-4D0C-B381-D360A68FFAB5}.Ad-Hoc|iPhoneSimulator.Deploy.0 = Release|Any CPU
		{17A506DA-AAD4-4D0C-B381-D360A68FFAB5}.Ad-Hoc|x86.ActiveCfg = Release|Any CPU
		{17A506DA-AAD4-4D0C-B381-D360A68FFAB5}.Ad-Hoc|x86.Build.0 = Release|Any CPU
		{17A506DA-AAD4-4D0C-B381-D360A68FFAB5}.Ad-Hoc|x86.Deploy.0 = Release|Any CPU
		{17A506DA-AAD4-4D0C-B381-D360A68FFAB5}.AppStore|Any CPU.ActiveCfg = Release|Any CPU
		{17A506DA-AAD4-4D0C-B381-D360A68FFAB5}.AppStore|Any CPU.Build.0 = Release|Any CPU
		{17A506DA-AAD4-4D0C-B381-D360A68FFAB5}.AppStore|Any CPU.Deploy.0 = Release|Any CPU
		{17A506DA-AAD4-4D0C-B381-D360A68FFAB5}.AppStore|ARM.ActiveCfg = Release|Any CPU
		{17A506DA-AAD4-4D0C-B381-D360A68FFAB5}.AppStore|ARM.Build.0 = Release|Any CPU
		{17A506DA-AAD4-4D0C-B381-D360A68FFAB5}.AppStore|ARM.Deploy.0 = Release|Any CPU
		{17A506DA-AAD4-4D0C-B381-D360A68FFAB5}.AppStore|iPhone.ActiveCfg = Release|Any CPU
		{17A506DA-AAD4-4D0C-B381-D360A68FFAB5}.AppStore|iPhone.Build.0 = Release|Any CPU
		{17A506DA-AAD4-4D0C-B381-D360A68FFAB5}.AppStore|iPhone.Deploy.0 = Release|Any CPU
		{17A506DA-AAD4-4D0C-B381-D360A68FFAB5}.AppStore|iPhoneSimulator.ActiveCfg = Release|Any CPU
		{17A506DA-AAD4-4D0C-B381-D360A68FFAB5}.AppStore|iPhoneSimulator.Build.0 = Release|Any CPU
		{17A506DA-AAD4-4D0C-B381-D360A68FFAB5}.AppStore|iPhoneSimulator.Deploy.0 = Release|Any CPU
		{17A506DA-AAD4-4D0C-B381-D360A68FFAB5}.AppStore|x86.ActiveCfg = Release|Any CPU
		{17A506DA-AAD4-4D0C-B381-D360A68FFAB5}.AppStore|x86.Build.0 = Release|Any CPU
		{17A506DA-AAD4-4D0C-B381-D360A68FFAB5}.AppStore|x86.Deploy.0 = Release|Any CPU
		{17A506DA-AAD4-4D0C-B381-D360A68FFAB5}.Debug|Any CPU.ActiveCfg = Debug|Any CPU
		{17A506DA-AAD4-4D0C-B381-D360A68FFAB5}.Debug|Any CPU.Build.0 = Debug|Any CPU
		{17A506DA-AAD4-4D0C-B381-D360A68FFAB5}.Debug|Any CPU.Deploy.0 = Debug|Any CPU
		{17A506DA-AAD4-4D0C-B381-D360A68FFAB5}.Debug|ARM.ActiveCfg = Debug|Any CPU
		{17A506DA-AAD4-4D0C-B381-D360A68FFAB5}.Debug|ARM.Build.0 = Debug|Any CPU
		{17A506DA-AAD4-4D0C-B381-D360A68FFAB5}.Debug|ARM.Deploy.0 = Debug|Any CPU
		{17A506DA-AAD4-4D0C-B381-D360A68FFAB5}.Debug|iPhone.ActiveCfg = Debug|Any CPU
		{17A506DA-AAD4-4D0C-B381-D360A68FFAB5}.Debug|iPhone.Build.0 = Debug|Any CPU
		{17A506DA-AAD4-4D0C-B381-D360A68FFAB5}.Debug|iPhone.Deploy.0 = Debug|Any CPU
		{17A506DA-AAD4-4D0C-B381-D360A68FFAB5}.Debug|iPhoneSimulator.ActiveCfg = Debug|Any CPU
		{17A506DA-AAD4-4D0C-B381-D360A68FFAB5}.Debug|iPhoneSimulator.Build.0 = Debug|Any CPU
		{17A506DA-AAD4-4D0C-B381-D360A68FFAB5}.Debug|iPhoneSimulator.Deploy.0 = Debug|Any CPU
		{17A506DA-AAD4-4D0C-B381-D360A68FFAB5}.Debug|x86.ActiveCfg = Debug|Any CPU
		{17A506DA-AAD4-4D0C-B381-D360A68FFAB5}.Debug|x86.Build.0 = Debug|Any CPU
		{17A506DA-AAD4-4D0C-B381-D360A68FFAB5}.Debug|x86.Deploy.0 = Debug|Any CPU
		{17A506DA-AAD4-4D0C-B381-D360A68FFAB5}.Release|Any CPU.ActiveCfg = Release|Any CPU
		{17A506DA-AAD4-4D0C-B381-D360A68FFAB5}.Release|Any CPU.Build.0 = Release|Any CPU
		{17A506DA-AAD4-4D0C-B381-D360A68FFAB5}.Release|Any CPU.Deploy.0 = Release|Any CPU
		{17A506DA-AAD4-4D0C-B381-D360A68FFAB5}.Release|ARM.ActiveCfg = Release|Any CPU
		{17A506DA-AAD4-4D0C-B381-D360A68FFAB5}.Release|ARM.Build.0 = Release|Any CPU
		{17A506DA-AAD4-4D0C-B381-D360A68FFAB5}.Release|ARM.Deploy.0 = Release|Any CPU
		{17A506DA-AAD4-4D0C-B381-D360A68FFAB5}.Release|iPhone.ActiveCfg = Release|Any CPU
		{17A506DA-AAD4-4D0C-B381-D360A68FFAB5}.Release|iPhone.Build.0 = Release|Any CPU
		{17A506DA-AAD4-4D0C-B381-D360A68FFAB5}.Release|iPhone.Deploy.0 = Release|Any CPU
		{17A506DA-AAD4-4D0C-B381-D360A68FFAB5}.Release|iPhoneSimulator.ActiveCfg = Release|Any CPU
		{17A506DA-AAD4-4D0C-B381-D360A68FFAB5}.Release|iPhoneSimulator.Build.0 = Release|Any CPU
		{17A506DA-AAD4-4D0C-B381-D360A68FFAB5}.Release|iPhoneSimulator.Deploy.0 = Release|Any CPU
		{17A506DA-AAD4-4D0C-B381-D360A68FFAB5}.Release|x86.ActiveCfg = Release|Any CPU
		{17A506DA-AAD4-4D0C-B381-D360A68FFAB5}.Release|x86.Build.0 = Release|Any CPU
		{17A506DA-AAD4-4D0C-B381-D360A68FFAB5}.Release|x86.Deploy.0 = Release|Any CPU
		{FBB78698-5726-4E87-BEB6-CA254E98D8CA}.Ad-Hoc|Any CPU.ActiveCfg = Release|Any CPU
		{FBB78698-5726-4E87-BEB6-CA254E98D8CA}.Ad-Hoc|Any CPU.Build.0 = Release|Any CPU
		{FBB78698-5726-4E87-BEB6-CA254E98D8CA}.Ad-Hoc|Any CPU.Deploy.0 = Release|Any CPU
		{FBB78698-5726-4E87-BEB6-CA254E98D8CA}.Ad-Hoc|ARM.ActiveCfg = Release|ARM
		{FBB78698-5726-4E87-BEB6-CA254E98D8CA}.Ad-Hoc|ARM.Build.0 = Release|ARM
		{FBB78698-5726-4E87-BEB6-CA254E98D8CA}.Ad-Hoc|ARM.Deploy.0 = Release|ARM
		{FBB78698-5726-4E87-BEB6-CA254E98D8CA}.Ad-Hoc|iPhone.ActiveCfg = Release|Any CPU
		{FBB78698-5726-4E87-BEB6-CA254E98D8CA}.Ad-Hoc|iPhone.Build.0 = Release|Any CPU
		{FBB78698-5726-4E87-BEB6-CA254E98D8CA}.Ad-Hoc|iPhone.Deploy.0 = Release|Any CPU
		{FBB78698-5726-4E87-BEB6-CA254E98D8CA}.Ad-Hoc|iPhoneSimulator.ActiveCfg = Release|Any CPU
		{FBB78698-5726-4E87-BEB6-CA254E98D8CA}.Ad-Hoc|iPhoneSimulator.Build.0 = Release|Any CPU
		{FBB78698-5726-4E87-BEB6-CA254E98D8CA}.Ad-Hoc|iPhoneSimulator.Deploy.0 = Release|Any CPU
		{FBB78698-5726-4E87-BEB6-CA254E98D8CA}.Ad-Hoc|x86.ActiveCfg = Release|x86
		{FBB78698-5726-4E87-BEB6-CA254E98D8CA}.Ad-Hoc|x86.Build.0 = Release|x86
		{FBB78698-5726-4E87-BEB6-CA254E98D8CA}.Ad-Hoc|x86.Deploy.0 = Release|x86
		{FBB78698-5726-4E87-BEB6-CA254E98D8CA}.AppStore|Any CPU.ActiveCfg = Release|Any CPU
		{FBB78698-5726-4E87-BEB6-CA254E98D8CA}.AppStore|Any CPU.Build.0 = Release|Any CPU
		{FBB78698-5726-4E87-BEB6-CA254E98D8CA}.AppStore|Any CPU.Deploy.0 = Release|Any CPU
		{FBB78698-5726-4E87-BEB6-CA254E98D8CA}.AppStore|ARM.ActiveCfg = Release|ARM
		{FBB78698-5726-4E87-BEB6-CA254E98D8CA}.AppStore|ARM.Build.0 = Release|ARM
		{FBB78698-5726-4E87-BEB6-CA254E98D8CA}.AppStore|ARM.Deploy.0 = Release|ARM
		{FBB78698-5726-4E87-BEB6-CA254E98D8CA}.AppStore|iPhone.ActiveCfg = Release|Any CPU
		{FBB78698-5726-4E87-BEB6-CA254E98D8CA}.AppStore|iPhone.Build.0 = Release|Any CPU
		{FBB78698-5726-4E87-BEB6-CA254E98D8CA}.AppStore|iPhone.Deploy.0 = Release|Any CPU
		{FBB78698-5726-4E87-BEB6-CA254E98D8CA}.AppStore|iPhoneSimulator.ActiveCfg = Release|Any CPU
		{FBB78698-5726-4E87-BEB6-CA254E98D8CA}.AppStore|iPhoneSimulator.Build.0 = Release|Any CPU
		{FBB78698-5726-4E87-BEB6-CA254E98D8CA}.AppStore|iPhoneSimulator.Deploy.0 = Release|Any CPU
		{FBB78698-5726-4E87-BEB6-CA254E98D8CA}.AppStore|x86.ActiveCfg = Release|x86
		{FBB78698-5726-4E87-BEB6-CA254E98D8CA}.AppStore|x86.Build.0 = Release|x86
		{FBB78698-5726-4E87-BEB6-CA254E98D8CA}.AppStore|x86.Deploy.0 = Release|x86
		{FBB78698-5726-4E87-BEB6-CA254E98D8CA}.Debug|Any CPU.ActiveCfg = Debug|Any CPU
		{FBB78698-5726-4E87-BEB6-CA254E98D8CA}.Debug|Any CPU.Build.0 = Debug|Any CPU
		{FBB78698-5726-4E87-BEB6-CA254E98D8CA}.Debug|Any CPU.Deploy.0 = Debug|Any CPU
		{FBB78698-5726-4E87-BEB6-CA254E98D8CA}.Debug|ARM.ActiveCfg = Debug|ARM
		{FBB78698-5726-4E87-BEB6-CA254E98D8CA}.Debug|ARM.Build.0 = Debug|ARM
		{FBB78698-5726-4E87-BEB6-CA254E98D8CA}.Debug|ARM.Deploy.0 = Debug|ARM
		{FBB78698-5726-4E87-BEB6-CA254E98D8CA}.Debug|iPhone.ActiveCfg = Debug|Any CPU
		{FBB78698-5726-4E87-BEB6-CA254E98D8CA}.Debug|iPhone.Build.0 = Debug|Any CPU
		{FBB78698-5726-4E87-BEB6-CA254E98D8CA}.Debug|iPhone.Deploy.0 = Debug|Any CPU
		{FBB78698-5726-4E87-BEB6-CA254E98D8CA}.Debug|iPhoneSimulator.ActiveCfg = Debug|Any CPU
		{FBB78698-5726-4E87-BEB6-CA254E98D8CA}.Debug|iPhoneSimulator.Build.0 = Debug|Any CPU
		{FBB78698-5726-4E87-BEB6-CA254E98D8CA}.Debug|iPhoneSimulator.Deploy.0 = Debug|Any CPU
		{FBB78698-5726-4E87-BEB6-CA254E98D8CA}.Debug|x86.ActiveCfg = Debug|x86
		{FBB78698-5726-4E87-BEB6-CA254E98D8CA}.Debug|x86.Build.0 = Debug|x86
		{FBB78698-5726-4E87-BEB6-CA254E98D8CA}.Debug|x86.Deploy.0 = Debug|x86
		{FBB78698-5726-4E87-BEB6-CA254E98D8CA}.Release|Any CPU.ActiveCfg = Release|Any CPU
		{FBB78698-5726-4E87-BEB6-CA254E98D8CA}.Release|Any CPU.Build.0 = Release|Any CPU
		{FBB78698-5726-4E87-BEB6-CA254E98D8CA}.Release|Any CPU.Deploy.0 = Release|Any CPU
		{FBB78698-5726-4E87-BEB6-CA254E98D8CA}.Release|ARM.ActiveCfg = Release|ARM
		{FBB78698-5726-4E87-BEB6-CA254E98D8CA}.Release|ARM.Build.0 = Release|ARM
		{FBB78698-5726-4E87-BEB6-CA254E98D8CA}.Release|ARM.Deploy.0 = Release|ARM
		{FBB78698-5726-4E87-BEB6-CA254E98D8CA}.Release|iPhone.ActiveCfg = Release|Any CPU
		{FBB78698-5726-4E87-BEB6-CA254E98D8CA}.Release|iPhone.Build.0 = Release|Any CPU
		{FBB78698-5726-4E87-BEB6-CA254E98D8CA}.Release|iPhone.Deploy.0 = Release|Any CPU
		{FBB78698-5726-4E87-BEB6-CA254E98D8CA}.Release|iPhoneSimulator.ActiveCfg = Release|Any CPU
		{FBB78698-5726-4E87-BEB6-CA254E98D8CA}.Release|iPhoneSimulator.Build.0 = Release|Any CPU
		{FBB78698-5726-4E87-BEB6-CA254E98D8CA}.Release|iPhoneSimulator.Deploy.0 = Release|Any CPU
		{FBB78698-5726-4E87-BEB6-CA254E98D8CA}.Release|x86.ActiveCfg = Release|x86
		{FBB78698-5726-4E87-BEB6-CA254E98D8CA}.Release|x86.Build.0 = Release|x86
		{FBB78698-5726-4E87-BEB6-CA254E98D8CA}.Release|x86.Deploy.0 = Release|x86
	EndGlobalSection
	GlobalSection(SolutionProperties) = preSolution
		HideSolutionNode = FALSE
	EndGlobalSection
EndGlobal
